
Microsoft Visual Studio Solution File, Format Version 12.00
# Visual Studio 2013
VisualStudioVersion = 12.0.31101.0
MinimumVisualStudioVersion = 10.0.40219.1
Project("{FAE04EC0-301F-11D3-BF4B-00C04F79EFBC}") = "OperasDemo", "OperasDemo\OperasDemo.csproj", "{09571C45-923D-4137-9360-DEBD1AA6BA2D}"
EndProject
Project("{FAE04EC0-301F-11D3-BF4B-00C04F79EFBC}") = "SharedResources", "SharedResources\SharedResources.csproj", "{C0EFAF4F-9EA8-44CD-A9F6-F077B1D12FC0}"
EndProject
Global
	GlobalSection(SolutionConfigurationPlatforms) = preSolution
		Debug|Any CPU = Debug|Any CPU
		Release|Any CPU = Release|Any CPU
	EndGlobalSection
	GlobalSection(ProjectConfigurationPlatforms) = postSolution
		{09571C45-923D-4137-9360-DEBD1AA6BA2D}.Debug|Any CPU.ActiveCfg = Debug|Any CPU
		{09571C45-923D-4137-9360-DEBD1AA6BA2D}.Debug|Any CPU.Build.0 = Debug|Any CPU
		{09571C45-923D-4137-9360-DEBD1AA6BA2D}.Release|Any CPU.ActiveCfg = Release|Any CPU
		{09571C45-923D-4137-9360-DEBD1AA6BA2D}.Release|Any CPU.Build.0 = Release|Any CPU
		{C0EFAF4F-9EA8-44CD-A9F6-F077B1D12FC0}.Debug|Any CPU.ActiveCfg = Debug|Any CPU
		{C0EFAF4F-9EA8-44CD-A9F6-F077B1D12FC0}.Debug|Any CPU.Build.0 = Debug|Any CPU
		{C0EFAF4F-9EA8-44CD-A9F6-F077B1D12FC0}.Release|Any CPU.ActiveCfg = Release|Any CPU
		{C0EFAF4F-9EA8-44CD-A9F6-F077B1D12FC0}.Release|Any CPU.Build.0 = Release|Any CPU
	EndGlobalSection
	GlobalSection(SolutionProperties) = preSolution
		HideSolutionNode = FALSE
	EndGlobalSection
EndGlobal
