
Microsoft Visual Studio Solution File, Format Version 12.00
# Visual Studio 2013
VisualStudioVersion = 12.0.31101.0
MinimumVisualStudioVersion = 10.0.40219.1
Project("{FAE04EC0-301F-11D3-BF4B-00C04F79EFBC}") = "DeployDemo", "DeployDemo\DeployDemo.csproj", "{24AFDBDF-DAA0-4842-A9F6-E570C2F7B3F8}"
EndProject
Global
	GlobalSection(SolutionConfigurationPlatforms) = preSolution
		Debug|Any CPU = Debug|Any CPU
		Release|Any CPU = Release|Any CPU
		Staging|Any CPU = Staging|Any CPU
	EndGlobalSection
	GlobalSection(ProjectConfigurationPlatforms) = postSolution
		{24AFDBDF-DAA0-4842-A9F6-E570C2F7B3F8}.Debug|Any CPU.ActiveCfg = Debug|Any CPU
		{24AFDBDF-DAA0-4842-A9F6-E570C2F7B3F8}.Debug|Any CPU.Build.0 = Debug|Any CPU
		{24AFDBDF-DAA0-4842-A9F6-E570C2F7B3F8}.Release|Any CPU.ActiveCfg = Release|Any CPU
		{24AFDBDF-DAA0-4842-A9F6-E570C2F7B3F8}.Release|Any CPU.Build.0 = Release|Any CPU
		{24AFDBDF-DAA0-4842-A9F6-E570C2F7B3F8}.Staging|Any CPU.ActiveCfg = Staging|Any CPU
		{24AFDBDF-DAA0-4842-A9F6-E570C2F7B3F8}.Staging|Any CPU.Build.0 = Staging|Any CPU
	EndGlobalSection
	GlobalSection(SolutionProperties) = preSolution
		HideSolutionNode = FALSE
	EndGlobalSection
EndGlobal
